{
  "name": "glider-reporter",
  "lockfileVersion": 3,
  "requires": true,
  "packages": {
    "": {
      "devDependencies": {
        "h5wasm": "^0.10.3",
        "netcdfjs": "^4.0.0"
      }
    },
    "node_modules/h5wasm": {
      "version": "0.10.3",
      "resolved": "https://registry.npmjs.org/h5wasm/-/h5wasm-0.10.3.tgz",
      "integrity": "sha512-W4Jy5ExtX/VNbyD8GdOBckDuj6AL16TemppVNxZsV3rJZEWCv2sxlCzOttZLer3zkMttbDYsWHl0qt1z3Bln+Q==",
      "dev": true,
      "license": "SEE LICENSE IN LICENSE.txt"
    },
    "node_modules/iobuffer": {
      "version": "6.0.1",
      "resolved": "https://registry.npmjs.org/iobuffer/-/iobuffer-6.0.1.tgz",
      "integrity": "sha512-SZWYkWNfjIXIBYSDpXDYIgshqtbOPsi4lviawAEceR1Kqk+sHDlcQjWrzNQsii80AyBY0q5c8HCTNjqo74ul+Q==",
      "dev": true,
      "license": "MIT"
    },
    "node_modules/netcdfjs": {
      "version": "4.0.0",
      "resolved": "https://registry.npmjs.org/netcdfjs/-/netcdfjs-4.0.0.tgz",
      "integrity": "sha512-98DBig9KmiCZC6kU0Y8OXR5Gj39KenMgp6sblpSdg+5oVscTjhm5r5oLiznlqBZyhRGQqlAMEyWjQnMh4/iPOA==",
      "dev": true,
      "license": "MIT",
      "dependencies": {
        "iobuffer": "^6.0.1"
      }
    }
  }
}
